// !$*UTF8*$!
{
	archiveVersion = 1;
	classes = {
	};
	objectVersion = 56;
	objects = {

/* Begin PBXBuildFile section */
		0056235129895E4500F9549E /* home50x50@3x.png in Resources */ = {isa = PBXBuildFile; fileRef = 0056234E29895E4500F9549E /* home50x50@3x.png */; };
		0056235229895E4500F9549E /* home50x50@2x.png in Resources */ = {isa = PBXBuildFile; fileRef = 0056234F29895E4500F9549E /* home50x50@2x.png */; };
		0056235329895E4500F9549E /* home300.png in Resources */ = {isa = PBXBuildFile; fileRef = 0056235029895E4500F9549E /* home300.png */; };
		00666B1D29690FC3005C18F6 /* AppDelegate.swift in Sources */ = {isa = PBXBuildFile; fileRef = 00666B1C29690FC3005C18F6 /* AppDelegate.swift */; };
		00666B1F29690FC3005C18F6 /* SceneDelegate.swift in Sources */ = {isa = PBXBuildFile; fileRef = 00666B1E29690FC3005C18F6 /* SceneDelegate.swift */; };
		00666B2129690FC3005C18F6 /* ViewController.swift in Sources */ = {isa = PBXBuildFile; fileRef = 00666B2029690FC3005C18F6 /* ViewController.swift */; };
		00666B2629690FC4005C18F6 /* Assets.xcassets in Resources */ = {isa = PBXBuildFile; fileRef = 00666B2529690FC4005C18F6 /* Assets.xcassets */; };
		00666B2929690FC4005C18F6 /* LaunchScreen.storyboard in Resources */ = {isa = PBXBuildFile; fileRef = 00666B2729690FC4005C18F6 /* LaunchScreen.storyboard */; };
		00666B3129691055005C18F6 /* Main.storyboard in Resources */ = {isa = PBXBuildFile; fileRef = 00666B3029691055005C18F6 /* Main.storyboard */; };
		006695962982275500E0C68A /* WeatherBG_Moon.png in Resources */ = {isa = PBXBuildFile; fileRef = 006695952982275500E0C68A /* WeatherBG_Moon.png */; };
		008EA91129B1CACA00A05499 /* CustomKeyboard.swift in Sources */ = {isa = PBXBuildFile; fileRef = 008EA91029B1CACA00A05499 /* CustomKeyboard.swift */; };
		008EA91329B1CAE800A05499 /* CustomKeyboard.xib in Resources */ = {isa = PBXBuildFile; fileRef = 008EA91229B1CAE800A05499 /* CustomKeyboard.xib */; };
		0092015A2979167300FC3FC7 /* weather_icon_sun_cloud.png in Resources */ = {isa = PBXBuildFile; fileRef = 009201582979167300FC3FC7 /* weather_icon_sun_cloud.png */; };
		0092015B2979167300FC3FC7 /* WeatherBG_Sun.png in Resources */ = {isa = PBXBuildFile; fileRef = 009201592979167300FC3FC7 /* WeatherBG_Sun.png */; };
		0092B92429B08B65005EBBEC /* Certification.storyboard in Resources */ = {isa = PBXBuildFile; fileRef = 0092B92329B08B65005EBBEC /* Certification.storyboard */; };
		0092B92629B08B9C005EBBEC /* Cert_BG.PNG in Resources */ = {isa = PBXBuildFile; fileRef = 0092B92529B08B9C005EBBEC /* Cert_BG.PNG */; };
		00D4951129B2E9C00098D3A5 /* girl.png in Resources */ = {isa = PBXBuildFile; fileRef = 00D4951029B2E9C00098D3A5 /* girl.png */; };
/* End PBXBuildFile section */

/* Begin PBXFileReference section */
		0056234E29895E4500F9549E /* home50x50@3x.png */ = {isa = PBXFileReference; lastKnownFileType = image.png; path = "home50x50@3x.png"; sourceTree = "<group>"; };
		0056234F29895E4500F9549E /* home50x50@2x.png */ = {isa = PBXFileReference; lastKnownFileType = image.png; path = "home50x50@2x.png"; sourceTree = "<group>"; };
		0056235029895E4500F9549E /* home300.png */ = {isa = PBXFileReference; lastKnownFileType = image.png; path = home300.png; sourceTree = "<group>"; };
		00666B1929690FC3005C18F6 /* AutoLayoutPractice.app */ = {isa = PBXFileReference; explicitFileType = wrapper.application; includeInIndex = 0; path = AutoLayoutPractice.app; sourceTree = BUILT_PRODUCTS_DIR; };
		00666B1C29690FC3005C18F6 /* AppDelegate.swift */ = {isa = PBXFileReference; lastKnownFileType = sourcecode.swift; path = AppDelegate.swift; sourceTree = "<group>"; };
		00666B1E29690FC3005C18F6 /* SceneDelegate.swift */ = {isa = PBXFileReference; lastKnownFileType = sourcecode.swift; path = SceneDelegate.swift; sourceTree = "<group>"; };
		00666B2029690FC3005C18F6 /* ViewController.swift */ = {isa = PBXFileReference; lastKnownFileType = sourcecode.swift; path = ViewController.swift; sourceTree = "<group>"; };
		00666B2529690FC4005C18F6 /* Assets.xcassets */ = {isa = PBXFileReference; lastKnownFileType = folder.assetcatalog; path = Assets.xcassets; sourceTree = "<group>"; };
		00666B2829690FC4005C18F6 /* Base */ = {isa = PBXFileReference; lastKnownFileType = file.storyboard; name = Base; path = Base.lproj/LaunchScreen.storyboard; sourceTree = "<group>"; };
		00666B2A29690FC4005C18F6 /* Info.plist */ = {isa = PBXFileReference; lastKnownFileType = text.plist.xml; path = Info.plist; sourceTree = "<group>"; };
		00666B3029691055005C18F6 /* Main.storyboard */ = {isa = PBXFileReference; lastKnownFileType = file.storyboard; path = Main.storyboard; sourceTree = "<group>"; };
		006695952982275500E0C68A /* WeatherBG_Moon.png */ = {isa = PBXFileReference; lastKnownFileType = image.png; path = WeatherBG_Moon.png; sourceTree = "<group>"; };
		008EA91029B1CACA00A05499 /* CustomKeyboard.swift */ = {isa = PBXFileReference; lastKnownFileType = sourcecode.swift; path = CustomKeyboard.swift; sourceTree = "<group>"; };
		008EA91229B1CAE800A05499 /* CustomKeyboard.xib */ = {isa = PBXFileReference; lastKnownFileType = file.xib; path = CustomKeyboard.xib; sourceTree = "<group>"; };
		009201582979167300FC3FC7 /* weather_icon_sun_cloud.png */ = {isa = PBXFileReference; lastKnownFileType = image.png; path = weather_icon_sun_cloud.png; sourceTree = "<group>"; };
		009201592979167300FC3FC7 /* WeatherBG_Sun.png */ = {isa = PBXFileReference; lastKnownFileType = image.png; path = WeatherBG_Sun.png; sourceTree = "<group>"; };
		0092B92329B08B65005EBBEC /* Certification.storyboard */ = {isa = PBXFileReference; lastKnownFileType = file.storyboard; path = Certification.storyboard; sourceTree = "<group>"; };
		0092B92529B08B9C005EBBEC /* Cert_BG.PNG */ = {isa = PBXFileReference; lastKnownFileType = image.png; path = Cert_BG.PNG; sourceTree = "<group>"; };
		00D4951029B2E9C00098D3A5 /* girl.png */ = {isa = PBXFileReference; lastKnownFileType = image.png; path = girl.png; sourceTree = "<group>"; };
/* End PBXFileReference section */

/* Begin PBXFrameworksBuildPhase section */
		00666B1629690FC3005C18F6 /* Frameworks */ = {
			isa = PBXFrameworksBuildPhase;
			buildActionMask = 2147483647;
			files = (
			);
			runOnlyForDeploymentPostprocessing = 0;
		};
/* End PBXFrameworksBuildPhase section */

/* Begin PBXGroup section */
		00666B1029690FC3005C18F6 = {
			isa = PBXGroup;
			children = (
				00666B1B29690FC3005C18F6 /* AutoLayoutPractice */,
				00666B1A29690FC3005C18F6 /* Products */,
			);
			sourceTree = "<group>";
		};
		00666B1A29690FC3005C18F6 /* Products */ = {
			isa = PBXGroup;
			children = (
				00666B1929690FC3005C18F6 /* AutoLayoutPractice.app */,
			);
			name = Products;
			sourceTree = "<group>";
		};
		00666B1B29690FC3005C18F6 /* AutoLayoutPractice */ = {
			isa = PBXGroup;
			children = (
				0092B92329B08B65005EBBEC /* Certification.storyboard */,
				00666B1C29690FC3005C18F6 /* AppDelegate.swift */,
				00666B1E29690FC3005C18F6 /* SceneDelegate.swift */,
				00666B2029690FC3005C18F6 /* ViewController.swift */,
				00666B2529690FC4005C18F6 /* Assets.xcassets */,
				00666B2729690FC4005C18F6 /* LaunchScreen.storyboard */,
				00666B2A29690FC4005C18F6 /* Info.plist */,
				00666B3029691055005C18F6 /* Main.storyboard */,
				008EA91029B1CACA00A05499 /* CustomKeyboard.swift */,
				008EA91229B1CAE800A05499 /* CustomKeyboard.xib */,
				009201582979167300FC3FC7 /* weather_icon_sun_cloud.png */,
				009201592979167300FC3FC7 /* WeatherBG_Sun.png */,
				006695952982275500E0C68A /* WeatherBG_Moon.png */,
				0056234F29895E4500F9549E /* home50x50@2x.png */,
				0056234E29895E4500F9549E /* home50x50@3x.png */,
				0056235029895E4500F9549E /* home300.png */,
				0092B92529B08B9C005EBBEC /* Cert_BG.PNG */,
				00D4951029B2E9C00098D3A5 /* girl.png */,
			);
			path = AutoLayoutPractice;
			sourceTree = "<group>";
		};
/* End PBXGroup section */

/* Begin PBXNativeTarget section */
		00666B1829690FC3005C18F6 /* AutoLayoutPractice */ = {
			isa = PBXNativeTarget;
			buildConfigurationList = 00666B2D29690FC4005C18F6 /* Build configuration list for PBXNativeTarget "AutoLayoutPractice" */;
			buildPhases = (
				00666B1529690FC3005C18F6 /* Sources */,
				00666B1629690FC3005C18F6 /* Frameworks */,
				00666B1729690FC3005C18F6 /* Resources */,
			);
			buildRules = (
			);
			dependencies = (
			);
			name = AutoLayoutPractice;
			productName = AutoLayoutPractice;
			productReference = 00666B1929690FC3005C18F6 /* AutoLayoutPractice.app */;
			productType = "com.apple.product-type.application";
		};
/* End PBXNativeTarget section */

/* Begin PBXProject section */
		00666B1129690FC3005C18F6 /* Project object */ = {
			isa = PBXProject;
			attributes = {
				BuildIndependentTargetsInParallel = 1;
				LastSwiftUpdateCheck = 1420;
				LastUpgradeCheck = 1420;
				TargetAttributes = {
					00666B1829690FC3005C18F6 = {
						CreatedOnToolsVersion = 14.2;
					};
				};
			};
			buildConfigurationList = 00666B1429690FC3005C18F6 /* Build configuration list for PBXProject "AutoLayoutPractice" */;
			compatibilityVersion = "Xcode 14.0";
			developmentRegion = en;
			hasScannedForEncodings = 0;
			knownRegions = (
				en,
				Base,
			);
			mainGroup = 00666B1029690FC3005C18F6;
			productRefGroup = 00666B1A29690FC3005C18F6 /* Products */;
			projectDirPath = "";
			projectRoot = "";
			targets = (
				00666B1829690FC3005C18F6 /* AutoLayoutPractice */,
			);
		};
/* End PBXProject section */

/* Begin PBXResourcesBuildPhase section */
		00666B1729690FC3005C18F6 /* Resources */ = {
			isa = PBXResourcesBuildPhase;
			buildActionMask = 2147483647;
			files = (
				0056235229895E4500F9549E /* home50x50@2x.png in Resources */,
				006695962982275500E0C68A /* WeatherBG_Moon.png in Resources */,
				0092015A2979167300FC3FC7 /* weather_icon_sun_cloud.png in Resources */,
				0056235329895E4500F9549E /* home300.png in Resources */,
				00D4951129B2E9C00098D3A5 /* girl.png in Resources */,
				00666B3129691055005C18F6 /* Main.storyboard in Resources */,
				0092B92429B08B65005EBBEC /* Certification.storyboard in Resources */,
				0092B92629B08B9C005EBBEC /* Cert_BG.PNG in Resources */,
				00666B2929690FC4005C18F6 /* LaunchScreen.storyboard in Resources */,
				0056235129895E4500F9549E /* home50x50@3x.png in Resources */,
				0092015B2979167300FC3FC7 /* WeatherBG_Sun.png in Resources */,
				00666B2629690FC4005C18F6 /* Assets.xcassets in Resources */,
				008EA91329B1CAE800A05499 /* CustomKeyboard.xib in Resources */,
			);
			runOnlyForDeploymentPostprocessing = 0;
		};
/* End PBXResourcesBuildPhase section */

/* Begin PBXSourcesBuildPhase section */
		00666B1529690FC3005C18F6 /* Sources */ = {
			isa = PBXSourcesBuildPhase;
			buildActionMask = 2147483647;
			files = (
				00666B2129690FC3005C18F6 /* ViewController.swift in Sources */,
				00666B1D29690FC3005C18F6 /* AppDelegate.swift in Sources */,
				00666B1F29690FC3005C18F6 /* SceneDelegate.swift in Sources */,
				008EA91129B1CACA00A05499 /* CustomKeyboard.swift in Sources */,
			);
			runOnlyForDeploymentPostprocessing = 0;
		};
/* End PBXSourcesBuildPhase section */

/* Begin PBXVariantGroup section */
		00666B2729690FC4005C18F6 /* LaunchScreen.storyboard */ = {
			isa = PBXVariantGroup;
			children = (
				00666B2829690FC4005C18F6 /* Base */,
			);
			name = LaunchScreen.storyboard;
			sourceTree = "<group>";
		};
/* End PBXVariantGroup section */

/* Begin XCBuildConfiguration section */
		00666B2B29690FC4005C18F6 /* Debug */ = {
			isa = XCBuildConfiguration;
			buildSettings = {
				ALWAYS_SEARCH_USER_PATHS = NO;
				CLANG_ANALYZER_NONNULL = YES;
				CLANG_ANALYZER_NUMBER_OBJECT_CONVERSION = YES_AGGRESSIVE;
				CLANG_CXX_LANGUAGE_STANDARD = "gnu++20";
				CLANG_ENABLE_MODULES = YES;
				CLANG_ENABLE_OBJC_ARC = YES;
				CLANG_ENABLE_OBJC_WEAK = YES;
				CLANG_WARN_BLOCK_CAPTURE_AUTORELEASING = YES;
				CLANG_WARN_BOOL_CONVERSION = YES;
				CLANG_WARN_COMMA = YES;
				CLANG_WARN_CONSTANT_CONVERSION = YES;
				CLANG_WARN_DEPRECATED_OBJC_IMPLEMENTATIONS = YES;
				CLANG_WARN_DIRECT_OBJC_ISA_USAGE = YES_ERROR;
				CLANG_WARN_DOCUMENTATION_COMMENTS = YES;
				CLANG_WARN_EMPTY_BODY = YES;
				CLANG_WARN_ENUM_CONVERSION = YES;
				CLANG_WARN_INFINITE_RECURSION = YES;
				CLANG_WARN_INT_CONVERSION = YES;
				CLANG_WARN_NON_LITERAL_NULL_CONVERSION = YES;
				CLANG_WARN_OBJC_IMPLICIT_RETAIN_SELF = YES;
				CLANG_WARN_OBJC_LITERAL_CONVERSION = YES;
				CLANG_WARN_OBJC_ROOT_CLASS = YES_ERROR;
				CLANG_WARN_QUOTED_INCLUDE_IN_FRAMEWORK_HEADER = YES;
				CLANG_WARN_RANGE_LOOP_ANALYSIS = YES;
				CLANG_WARN_STRICT_PROTOTYPES = YES;
				CLANG_WARN_SUSPICIOUS_MOVE = YES;
				CLANG_WARN_UNGUARDED_AVAILABILITY = YES_AGGRESSIVE;
				CLANG_WARN_UNREACHABLE_CODE = YES;
				CLANG_WARN__DUPLICATE_METHOD_MATCH = YES;
				COPY_PHASE_STRIP = NO;
				DEBUG_INFORMATION_FORMAT = dwarf;
				ENABLE_STRICT_OBJC_MSGSEND = YES;
				ENABLE_TESTABILITY = YES;
				GCC_C_LANGUAGE_STANDARD = gnu11;
				GCC_DYNAMIC_NO_PIC = NO;
				GCC_NO_COMMON_BLOCKS = YES;
				GCC_OPTIMIZATION_LEVEL = 0;
				GCC_PREPROCESSOR_DEFINITIONS = (
					"DEBUG=1",
					"$(inherited)",
				);
				GCC_WARN_64_TO_32_BIT_CONVERSION = YES;
				GCC_WARN_ABOUT_RETURN_TYPE = YES_ERROR;
				GCC_WARN_UNDECLARED_SELECTOR = YES;
				GCC_WARN_UNINITIALIZED_AUTOS = YES_AGGRESSIVE;
				GCC_WARN_UNUSED_FUNCTION = YES;
				GCC_WARN_UNUSED_VARIABLE = YES;
				IPHONEOS_DEPLOYMENT_TARGET = 16.2;
				MTL_ENABLE_DEBUG_INFO = INCLUDE_SOURCE;
				MTL_FAST_MATH = YES;
				ONLY_ACTIVE_ARCH = YES;
				SDKROOT = iphoneos;
				SWIFT_ACTIVE_COMPILATION_CONDITIONS = DEBUG;
				SWIFT_OPTIMIZATION_LEVEL = "-Onone";
			};
			name = Debug;
		};
		00666B2C29690FC4005C18F6 /* Release */ = {
			isa = XCBuildConfiguration;
			buildSettings = {
				ALWAYS_SEARCH_USER_PATHS = NO;
				CLANG_ANALYZER_NONNULL = YES;
				CLANG_ANALYZER_NUMBER_OBJECT_CONVERSION = YES_AGGRESSIVE;
				CLANG_CXX_LANGUAGE_STANDARD = "gnu++20";
				CLANG_ENABLE_MODULES = YES;
				CLANG_ENABLE_OBJC_ARC = YES;
				CLANG_ENABLE_OBJC_WEAK = YES;
				CLANG_WARN_BLOCK_CAPTURE_AUTORELEASING = YES;
				CLANG_WARN_BOOL_CONVERSION = YES;
				CLANG_WARN_COMMA = YES;
				CLANG_WARN_CONSTANT_CONVERSION = YES;
				CLANG_WARN_DEPRECATED_OBJC_IMPLEMENTATIONS = YES;
				CLANG_WARN_DIRECT_OBJC_ISA_USAGE = YES_ERROR;
				CLANG_WARN_DOCUMENTATION_COMMENTS = YES;
				CLANG_WARN_EMPTY_BODY = YES;
				CLANG_WARN_ENUM_CONVERSION = YES;
				CLANG_WARN_INFINITE_RECURSION = YES;
				CLANG_WARN_INT_CONVERSION = YES;
				CLANG_WARN_NON_LITERAL_NULL_CONVERSION = YES;
				CLANG_WARN_OBJC_IMPLICIT_RETAIN_SELF = YES;
				CLANG_WARN_OBJC_LITERAL_CONVERSION = YES;
				CLANG_WARN_OBJC_ROOT_CLASS = YES_ERROR;
				CLANG_WARN_QUOTED_INCLUDE_IN_FRAMEWORK_HEADER = YES;
				CLANG_WARN_RANGE_LOOP_ANALYSIS = YES;
				CLANG_WARN_STRICT_PROTOTYPES = YES;
				CLANG_WARN_SUSPICIOUS_MOVE = YES;
				CLANG_WARN_UNGUARDED_AVAILABILITY = YES_AGGRESSIVE;
				CLANG_WARN_UNREACHABLE_CODE = YES;
				CLANG_WARN__DUPLICATE_METHOD_MATCH = YES;
				COPY_PHASE_STRIP = NO;
				DEBUG_INFORMATION_FORMAT = "dwarf-with-dsym";
				ENABLE_NS_ASSERTIONS = NO;
				ENABLE_STRICT_OBJC_MSGSEND = YES;
				GCC_C_LANGUAGE_STANDARD = gnu11;
				GCC_NO_COMMON_BLOCKS = YES;
				GCC_WARN_64_TO_32_BIT_CONVERSION = YES;
				GCC_WARN_ABOUT_RETURN_TYPE = YES_ERROR;
				GCC_WARN_UNDECLARED_SELECTOR = YES;
				GCC_WARN_UNINITIALIZED_AUTOS = YES_AGGRESSIVE;
				GCC_WARN_UNUSED_FUNCTION = YES;
				GCC_WARN_UNUSED_VARIABLE = YES;
				IPHONEOS_DEPLOYMENT_TARGET = 16.2;
				MTL_ENABLE_DEBUG_INFO = NO;
				MTL_FAST_MATH = YES;
				SDKROOT = iphoneos;
				SWIFT_COMPILATION_MODE = wholemodule;
				SWIFT_OPTIMIZATION_LEVEL = "-O";
				VALIDATE_PRODUCT = YES;
			};
			name = Release;
		};
		00666B2E29690FC4005C18F6 /* Debug */ = {
			isa = XCBuildConfiguration;
			buildSettings = {
				ASSETCATALOG_COMPILER_APPICON_NAME = AppIcon;
				ASSETCATALOG_COMPILER_GLOBAL_ACCENT_COLOR_NAME = AccentColor;
				CODE_SIGN_STYLE = Automatic;
				CURRENT_PROJECT_VERSION = 1;
				DEVELOPMENT_TEAM = CR9UV6Z45P;
				GENERATE_INFOPLIST_FILE = YES;
				INFOPLIST_FILE = AutoLayoutPractice/Info.plist;
				INFOPLIST_KEY_UIApplicationSupportsIndirectInputEvents = YES;
				INFOPLIST_KEY_UILaunchStoryboardName = LaunchScreen;
				INFOPLIST_KEY_UIMainStoryboardFile = Main;
				INFOPLIST_KEY_UISupportedInterfaceOrientations_iPad = "UIInterfaceOrientationPortrait UIInterfaceOrientationPortraitUpsideDown UIInterfaceOrientationLandscapeLeft UIInterfaceOrientationLandscapeRight";
				INFOPLIST_KEY_UISupportedInterfaceOrientations_iPhone = "UIInterfaceOrientationPortrait UIInterfaceOrientationLandscapeLeft UIInterfaceOrientationLandscapeRight";
				LD_RUNPATH_SEARCH_PATHS = (
					"$(inherited)",
					"@executable_path/Frameworks",
				);
				MARKETING_VERSION = 1.0;
				PRODUCT_BUNDLE_IDENTIFIER = com.AutoLayoutPractice;
				PRODUCT_NAME = "$(TARGET_NAME)";
				SWIFT_EMIT_LOC_STRINGS = YES;
				SWIFT_VERSION = 5.0;
				TARGETED_DEVICE_FAMILY = "1,2";
			};
			name = Debug;
		};
		00666B2F29690FC4005C18F6 /* Release */ = {
			isa = XCBuildConfiguration;
			buildSettings = {
				ASSETCATALOG_COMPILER_APPICON_NAME = AppIcon;
				ASSETCATALOG_COMPILER_GLOBAL_ACCENT_COLOR_NAME = AccentColor;
				CODE_SIGN_STYLE = Automatic;
				CURRENT_PROJECT_VERSION = 1;
				DEVELOPMENT_TEAM = CR9UV6Z45P;
				GENERATE_INFOPLIST_FILE = YES;
				INFOPLIST_FILE = AutoLayoutPractice/Info.plist;
				INFOPLIST_KEY_UIApplicationSupportsIndirectInputEvents = YES;
				INFOPLIST_KEY_UILaunchStoryboardName = LaunchScreen;
				INFOPLIST_KEY_UIMainStoryboardFile = Main;
				INFOPLIST_KEY_UISupportedInterfaceOrientations_iPad = "UIInterfaceOrientationPortrait UIInterfaceOrientationPortraitUpsideDown UIInterfaceOrientationLandscapeLeft UIInterfaceOrientationLandscapeRight";
				INFOPLIST_KEY_UISupportedInterfaceOrientations_iPhone = "UIInterfaceOrientationPortrait UIInterfaceOrientationLandscapeLeft UIInterfaceOrientationLandscapeRight";
				LD_RUNPATH_SEARCH_PATHS = (
					"$(inherited)",
					"@executable_path/Frameworks",
				);
				MARKETING_VERSION = 1.0;
				PRODUCT_BUNDLE_IDENTIFIER = com.AutoLayoutPractice;
				PRODUCT_NAME = "$(TARGET_NAME)";
				SWIFT_EMIT_LOC_STRINGS = YES;
				SWIFT_VERSION = 5.0;
				TARGETED_DEVICE_FAMILY = "1,2";
			};
			name = Release;
		};
/* End XCBuildConfiguration section */

/* Begin XCConfigurationList section */
		00666B1429690FC3005C18F6 /* Build configuration list for PBXProject "AutoLayoutPractice" */ = {
			isa = XCConfigurationList;
			buildConfigurations = (
				00666B2B29690FC4005C18F6 /* Debug */,
				00666B2C29690FC4005C18F6 /* Release */,
			);
			defaultConfigurationIsVisible = 0;
			defaultConfigurationName = Release;
		};
		00666B2D29690FC4005C18F6 /* Build configuration list for PBXNativeTarget "AutoLayoutPractice" */ = {
			isa = XCConfigurationList;
			buildConfigurations = (
				00666B2E29690FC4005C18F6 /* Debug */,
				00666B2F29690FC4005C18F6 /* Release */,
			);
			defaultConfigurationIsVisible = 0;
			defaultConfigurationName = Release;
		};
/* End XCConfigurationList section */
	};
	rootObject = 00666B1129690FC3005C18F6 /* Project object */;
}
